# This file is automatically @generated by Poetry 1.8.1 and should not be changed by hand.

[[package]]
name = "quantiphy"
version = "2.19"
description = "physical quantities (numbers with units)"
optional = false
python-versions = ">=3.6"
files = [
    {file = "quantiphy-2.19-py3-none-any.whl", hash = "sha256:1dcd178e9f9f1a5f08389d92269859511f1a0fcd3feef00bded1056a3ce1f8de"},
    {file = "quantiphy-2.19.tar.gz", hash = "sha256:9dc004a1047948a6e50d783f6f443e1e4d988fc1a44ca1d2b4821d1e96fb935a"},
]

[metadata]
lock-version = "2.0"
python-versions = "^3.12"
content-hash = "11b805d33219a811036eee74b68971595b75d78127d40006701119613c81b980"
